// !$*UTF8*$!
{
	archiveVersion = 1;
	classes = {
	};
	objectVersion = 51;
	objects = {

/* Begin PBXBuildFile section */
		0B840F4D26EAEC8E904EF8B3 /* Pods_Wallpaper.framework in Frameworks */ = {isa = PBXBuildFile; fileRef = 9B80E388AA1A403C1B758FA5 /* Pods_Wallpaper.framework */; };
		D04B281D25A2EA55005AC797 /* CacheManager.swift in Sources */ = {isa = PBXBuildFile; fileRef = D04B281C25A2EA55005AC797 /* CacheManager.swift */; };
		D04D483F25BFE60700C6AFA6 /* Api.swift in Sources */ = {isa = PBXBuildFile; fileRef = D04D483E25BFE60700C6AFA6 /* Api.swift */; };
		D04D484225C004C500C6AFA6 /* HomeModel.swift in Sources */ = {isa = PBXBuildFile; fileRef = D04D484125C004C500C6AFA6 /* HomeModel.swift */; };
		D04D485D25C0F0F000C6AFA6 /* CategoryModel.swift in Sources */ = {isa = PBXBuildFile; fileRef = D04D485C25C0F0F000C6AFA6 /* CategoryModel.swift */; };
		D04D487125C0FFC100C6AFA6 /* CategoryController.swift in Sources */ = {isa = PBXBuildFile; fileRef = D04D487025C0FFC100C6AFA6 /* CategoryController.swift */; };
		D04E9C2325C68394002FBAD3 /* LWGradientButton.swift in Sources */ = {isa = PBXBuildFile; fileRef = D04E9C2225C68394002FBAD3 /* LWGradientButton.swift */; };
		D04F9B0725C9400A000F630B /* policy.html in Resources */ = {isa = PBXBuildFile; fileRef = D04F9B0625C9400A000F630B /* policy.html */; };
		D04F9B0D25C94235000F630B /* ProtocolController.swift in Sources */ = {isa = PBXBuildFile; fileRef = D04F9B0C25C94235000F630B /* ProtocolController.swift */; };
		D04F9B1025C94332000F630B /* PolicyController.swift in Sources */ = {isa = PBXBuildFile; fileRef = D04F9B0F25C94332000F630B /* PolicyController.swift */; };
		D04F9B1425C94961000F630B /* protocol.html in Resources */ = {isa = PBXBuildFile; fileRef = D04F9B1325C94961000F630B /* protocol.html */; };
		D04F9B1725C94C5D000F630B /* CollectListController.swift in Sources */ = {isa = PBXBuildFile; fileRef = D04F9B1625C94C5D000F630B /* CollectListController.swift */; };
		D050510425C90B530075E963 /* LocalController.swift in Sources */ = {isa = PBXBuildFile; fileRef = D050510325C90B530075E963 /* LocalController.swift */; };
		D050510725C90C7C0075E963 /* MyDownloadController.swift in Sources */ = {isa = PBXBuildFile; fileRef = D050510625C90C7C0075E963 /* MyDownloadController.swift */; };
		D050510A25C90CA30075E963 /* LocalPaperController.swift in Sources */ = {isa = PBXBuildFile; fileRef = D050510925C90CA30075E963 /* LocalPaperController.swift */; };
		D050510D25C929E00075E963 /* MoreRecommengController.swift in Sources */ = {isa = PBXBuildFile; fileRef = D050510C25C929E00075E963 /* MoreRecommengController.swift */; };
		D050511025C92A200075E963 /* MorePopularController.swift in Sources */ = {isa = PBXBuildFile; fileRef = D050510F25C92A200075E963 /* MorePopularController.swift */; };
		D050511325C92ABB0075E963 /* MoreTypeController.swift in Sources */ = {isa = PBXBuildFile; fileRef = D050511225C92ABB0075E963 /* MoreTypeController.swift */; };
		D05A837A25A4419C0016910D /* CCVideoImageTool.swift in Sources */ = {isa = PBXBuildFile; fileRef = D05A837925A4419C0016910D /* CCVideoImageTool.swift */; };
		D05A837D25A448210016910D /* DiscoverController.swift in Sources */ = {isa = PBXBuildFile; fileRef = D05A837C25A448210016910D /* DiscoverController.swift */; };
		D05A838125A44AF40016910D /* DiscoverCell.swift in Sources */ = {isa = PBXBuildFile; fileRef = D05A838025A44AF40016910D /* DiscoverCell.swift */; };
		D05A83B725A473D60016910D /* NSBundle+changeBundleId.m in Sources */ = {isa = PBXBuildFile; fileRef = D05A83B625A473D60016910D /* NSBundle+changeBundleId.m */; };
		D05CCDB825988E8D005BF42B /* MyCell.swift in Sources */ = {isa = PBXBuildFile; fileRef = D05CCDB725988E8D005BF42B /* MyCell.swift */; };
		D05CCDBB259895EA005BF42B /* BigImageController.swift in Sources */ = {isa = PBXBuildFile; fileRef = D05CCDBA259895EA005BF42B /* BigImageController.swift */; };
		D05CCDC72598B788005BF42B /* LoginController.swift in Sources */ = {isa = PBXBuildFile; fileRef = D05CCDC62598B788005BF42B /* LoginController.swift */; };
		D05CCDD525996E1F005BF42B /* RegisterController.swift in Sources */ = {isa = PBXBuildFile; fileRef = D05CCDD425996E1F005BF42B /* RegisterController.swift */; };
		D05CCDD925997D14005BF42B /* SigninController.swift in Sources */ = {isa = PBXBuildFile; fileRef = D05CCDD825997D14005BF42B /* SigninController.swift */; };
		D05CCE0B2599E15C005BF42B /* SearchController.swift in Sources */ = {isa = PBXBuildFile; fileRef = D05CCE0A2599E15C005BF42B /* SearchController.swift */; };
		D05CCE0E2599E9E6005BF42B /* MoreCollectionCell.swift in Sources */ = {isa = PBXBuildFile; fileRef = D05CCE0D2599E9E6005BF42B /* MoreCollectionCell.swift */; };
		D05CCE36259AFA6E005BF42B /* CollectionHeaderView.swift in Sources */ = {isa = PBXBuildFile; fileRef = D05CCE35259AFA6E005BF42B /* CollectionHeaderView.swift */; };
		D05CCE39259AFF7B005BF42B /* RecommendCell.swift in Sources */ = {isa = PBXBuildFile; fileRef = D05CCE38259AFF7B005BF42B /* RecommendCell.swift */; };
		D05CCE3C259AFFEC005BF42B /* SearchCell.swift in Sources */ = {isa = PBXBuildFile; fileRef = D05CCE3B259AFFEC005BF42B /* SearchCell.swift */; };
		D05CCE3F259B1559005BF42B /* CommonController.swift in Sources */ = {isa = PBXBuildFile; fileRef = D05CCE3E259B1559005BF42B /* CommonController.swift */; };
		D05CCE8C259C559E005BF42B /* JPEG.swift in Sources */ = {isa = PBXBuildFile; fileRef = D05CCE8B259C559E005BF42B /* JPEG.swift */; };
		D05CCE8F259C55A8005BF42B /* QuickTimeMov.swift in Sources */ = {isa = PBXBuildFile; fileRef = D05CCE8E259C55A7005BF42B /* QuickTimeMov.swift */; };
		D05CCE92259C5634005BF42B /* DTOtherMacro.swift in Sources */ = {isa = PBXBuildFile; fileRef = D05CCE91259C5634005BF42B /* DTOtherMacro.swift */; };
		D06859C825A5A17200848477 /* CCTabBar.m in Sources */ = {isa = PBXBuildFile; fileRef = D06859C725A5A17200848477 /* CCTabBar.m */; };
		D06859CC25A5A24B00848477 /* CCTabBarController.m in Sources */ = {isa = PBXBuildFile; fileRef = D06859CB25A5A24B00848477 /* CCTabBarController.m */; };
		D069C73B25C8EBBC00819B72 /* TypeController.swift in Sources */ = {isa = PBXBuildFile; fileRef = D069C73A25C8EBBC00819B72 /* TypeController.swift */; };
		D08EE21C2595C29000F0279D /* AppDelegate.swift in Sources */ = {isa = PBXBuildFile; fileRef = D08EE21B2595C29000F0279D /* AppDelegate.swift */; };
		D08EE2202595C29000F0279D /* ViewController.swift in Sources */ = {isa = PBXBuildFile; fileRef = D08EE21F2595C29000F0279D /* ViewController.swift */; };
		D08EE2232595C29000F0279D /* Main.storyboard in Resources */ = {isa = PBXBuildFile; fileRef = D08EE2212595C29000F0279D /* Main.storyboard */; };
		D08EE2252595C29300F0279D /* Assets.xcassets in Resources */ = {isa = PBXBuildFile; fileRef = D08EE2242595C29300F0279D /* Assets.xcassets */; };
		D08EE2282595C29300F0279D /* LaunchScreen.storyboard in Resources */ = {isa = PBXBuildFile; fileRef = D08EE2262595C29300F0279D /* LaunchScreen.storyboard */; };
		D08EE2442595D39800F0279D /* MyTabBarController.swift in Sources */ = {isa = PBXBuildFile; fileRef = D08EE2432595D39800F0279D /* MyTabBarController.swift */; };
		D08EE2472595D4B300F0279D /* MyNavigationController.swift in Sources */ = {isa = PBXBuildFile; fileRef = D08EE2462595D4B300F0279D /* MyNavigationController.swift */; };
		D08EE24A2595D63900F0279D /* HomeController.swift in Sources */ = {isa = PBXBuildFile; fileRef = D08EE2492595D63900F0279D /* HomeController.swift */; };
		D08EE24D2595D64800F0279D /* MoreController.swift in Sources */ = {isa = PBXBuildFile; fileRef = D08EE24C2595D64800F0279D /* MoreController.swift */; };
		D08EE2502595D65800F0279D /* DIYController.swift in Sources */ = {isa = PBXBuildFile; fileRef = D08EE24F2595D65800F0279D /* DIYController.swift */; };
		D08EE2532595D66200F0279D /* MyController.swift in Sources */ = {isa = PBXBuildFile; fileRef = D08EE2522595D66200F0279D /* MyController.swift */; };
		D08EE27B25970BB400F0279D /* RecommendController.swift in Sources */ = {isa = PBXBuildFile; fileRef = D08EE27A25970BB400F0279D /* RecommendController.swift */; };
		D08EE27E25970BC200F0279D /* PopularController.swift in Sources */ = {isa = PBXBuildFile; fileRef = D08EE27D25970BC200F0279D /* PopularController.swift */; };
		D08EE29A2597210500F0279D /* CollectionCell.swift in Sources */ = {isa = PBXBuildFile; fileRef = D08EE2992597210500F0279D /* CollectionCell.swift */; };
		D08EE2B82597559100F0279D /* ImgTypes.swift in Sources */ = {isa = PBXBuildFile; fileRef = D08EE2B72597559100F0279D /* ImgTypes.swift */; };
		D08EE2C425984F6400F0279D /* Config.swift in Sources */ = {isa = PBXBuildFile; fileRef = D08EE2C325984F6400F0279D /* Config.swift */; };
		D0B8D93525C7F75000B32726 /* luanch.png in Resources */ = {isa = PBXBuildFile; fileRef = D0B8D93425C7F75000B32726 /* luanch.png */; };
		D0F2084B25BEA71B0032B17D /* User.swift in Sources */ = {isa = PBXBuildFile; fileRef = D0F2084A25BEA71B0032B17D /* User.swift */; };
/* End PBXBuildFile section */

/* Begin PBXFileReference section */
		4FB3819662D83BC79E334CE5 /* Pods-Wallpaper.debug.xcconfig */ = {isa = PBXFileReference; includeInIndex = 1; lastKnownFileType = text.xcconfig; name = "Pods-Wallpaper.debug.xcconfig"; path = "Target Support Files/Pods-Wallpaper/Pods-Wallpaper.debug.xcconfig"; sourceTree = "<group>"; };
		7686A3DFD2C018F2B1AE7FD7 /* Pods-Wallpaper.release.xcconfig */ = {isa = PBXFileReference; includeInIndex = 1; lastKnownFileType = text.xcconfig; name = "Pods-Wallpaper.release.xcconfig"; path = "Target Support Files/Pods-Wallpaper/Pods-Wallpaper.release.xcconfig"; sourceTree = "<group>"; };
		9B80E388AA1A403C1B758FA5 /* Pods_Wallpaper.framework */ = {isa = PBXFileReference; explicitFileType = wrapper.framework; includeInIndex = 0; path = Pods_Wallpaper.framework; sourceTree = BUILT_PRODUCTS_DIR; };
		D04B281C25A2EA55005AC797 /* CacheManager.swift */ = {isa = PBXFileReference; lastKnownFileType = sourcecode.swift; path = CacheManager.swift; sourceTree = "<group>"; };
		D04D483E25BFE60700C6AFA6 /* Api.swift */ = {isa = PBXFileReference; lastKnownFileType = sourcecode.swift; path = Api.swift; sourceTree = "<group>"; };
		D04D484125C004C500C6AFA6 /* HomeModel.swift */ = {isa = PBXFileReference; lastKnownFileType = sourcecode.swift; path = HomeModel.swift; sourceTree = "<group>"; };
		D04D485C25C0F0F000C6AFA6 /* CategoryModel.swift */ = {isa = PBXFileReference; lastKnownFileType = sourcecode.swift; path = CategoryModel.swift; sourceTree = "<group>"; };
		D04D487025C0FFC100C6AFA6 /* CategoryController.swift */ = {isa = PBXFileReference; lastKnownFileType = sourcecode.swift; path = CategoryController.swift; sourceTree = "<group>"; };
		D04E9C2225C68394002FBAD3 /* LWGradientButton.swift */ = {isa = PBXFileReference; lastKnownFileType = sourcecode.swift; path = LWGradientButton.swift; sourceTree = "<group>"; };
		D04F9B0625C9400A000F630B /* policy.html */ = {isa = PBXFileReference; fileEncoding = 4; lastKnownFileType = text.html; path = policy.html; sourceTree = "<group>"; };
		D04F9B0C25C94235000F630B /* ProtocolController.swift */ = {isa = PBXFileReference; lastKnownFileType = sourcecode.swift; path = ProtocolController.swift; sourceTree = "<group>"; };
		D04F9B0F25C94332000F630B /* PolicyController.swift */ = {isa = PBXFileReference; lastKnownFileType = sourcecode.swift; path = PolicyController.swift; sourceTree = "<group>"; };
		D04F9B1325C94961000F630B /* protocol.html */ = {isa = PBXFileReference; fileEncoding = 4; lastKnownFileType = text.html; path = protocol.html; sourceTree = "<group>"; };
		D04F9B1625C94C5D000F630B /* CollectListController.swift */ = {isa = PBXFileReference; lastKnownFileType = sourcecode.swift; path = CollectListController.swift; sourceTree = "<group>"; };
		D050510325C90B530075E963 /* LocalController.swift */ = {isa = PBXFileReference; lastKnownFileType = sourcecode.swift; path = LocalController.swift; sourceTree = "<group>"; };
		D050510625C90C7C0075E963 /* MyDownloadController.swift */ = {isa = PBXFileReference; lastKnownFileType = sourcecode.swift; path = MyDownloadController.swift; sourceTree = "<group>"; };
		D050510925C90CA30075E963 /* LocalPaperController.swift */ = {isa = PBXFileReference; lastKnownFileType = sourcecode.swift; path = LocalPaperController.swift; sourceTree = "<group>"; };
		D050510C25C929E00075E963 /* MoreRecommengController.swift */ = {isa = PBXFileReference; lastKnownFileType = sourcecode.swift; path = MoreRecommengController.swift; sourceTree = "<group>"; };
		D050510F25C92A200075E963 /* MorePopularController.swift */ = {isa = PBXFileReference; lastKnownFileType = sourcecode.swift; path = MorePopularController.swift; sourceTree = "<group>"; };
		D050511225C92ABB0075E963 /* MoreTypeController.swift */ = {isa = PBXFileReference; lastKnownFileType = sourcecode.swift; path = MoreTypeController.swift; sourceTree = "<group>"; };
		D05A837925A4419C0016910D /* CCVideoImageTool.swift */ = {isa = PBXFileReference; fileEncoding = 4; lastKnownFileType = sourcecode.swift; path = CCVideoImageTool.swift; sourceTree = "<group>"; };
		D05A837C25A448210016910D /* DiscoverController.swift */ = {isa = PBXFileReference; lastKnownFileType = sourcecode.swift; path = DiscoverController.swift; sourceTree = "<group>"; };
		D05A838025A44AF40016910D /* DiscoverCell.swift */ = {isa = PBXFileReference; lastKnownFileType = sourcecode.swift; path = DiscoverCell.swift; sourceTree = "<group>"; };
		D05A83B425A473D50016910D /* Wallpaper-Bridging-Header.h */ = {isa = PBXFileReference; lastKnownFileType = sourcecode.c.h; path = "Wallpaper-Bridging-Header.h"; sourceTree = "<group>"; };
		D05A83B525A473D60016910D /* NSBundle+changeBundleId.h */ = {isa = PBXFileReference; lastKnownFileType = sourcecode.c.h; path = "NSBundle+changeBundleId.h"; sourceTree = "<group>"; };
		D05A83B625A473D60016910D /* NSBundle+changeBundleId.m */ = {isa = PBXFileReference; lastKnownFileType = sourcecode.c.objc; path = "NSBundle+changeBundleId.m"; sourceTree = "<group>"; };
		D05CCDB725988E8D005BF42B /* MyCell.swift */ = {isa = PBXFileReference; lastKnownFileType = sourcecode.swift; path = MyCell.swift; sourceTree = "<group>"; };
		D05CCDBA259895EA005BF42B /* BigImageController.swift */ = {isa = PBXFileReference; lastKnownFileType = sourcecode.swift; path = BigImageController.swift; sourceTree = "<group>"; };
		D05CCDC62598B788005BF42B /* LoginController.swift */ = {isa = PBXFileReference; lastKnownFileType = sourcecode.swift; path = LoginController.swift; sourceTree = "<group>"; wrapsLines = 0; };
		D05CCDD425996E1F005BF42B /* RegisterController.swift */ = {isa = PBXFileReference; lastKnownFileType = sourcecode.swift; path = RegisterController.swift; sourceTree = "<group>"; };
		D05CCDD825997D14005BF42B /* SigninController.swift */ = {isa = PBXFileReference; lastKnownFileType = sourcecode.swift; path = SigninController.swift; sourceTree = "<group>"; };
		D05CCE0A2599E15C005BF42B /* SearchController.swift */ = {isa = PBXFileReference; lastKnownFileType = sourcecode.swift; path = SearchController.swift; sourceTree = "<group>"; };
		D05CCE0D2599E9E6005BF42B /* MoreCollectionCell.swift */ = {isa = PBXFileReference; lastKnownFileType = sourcecode.swift; path = MoreCollectionCell.swift; sourceTree = "<group>"; };
		D05CCE35259AFA6E005BF42B /* CollectionHeaderView.swift */ = {isa = PBXFileReference; lastKnownFileType = sourcecode.swift; path = CollectionHeaderView.swift; sourceTree = "<group>"; };
		D05CCE38259AFF7B005BF42B /* RecommendCell.swift */ = {isa = PBXFileReference; lastKnownFileType = sourcecode.swift; path = RecommendCell.swift; sourceTree = "<group>"; };
		D05CCE3B259AFFEC005BF42B /* SearchCell.swift */ = {isa = PBXFileReference; lastKnownFileType = sourcecode.swift; path = SearchCell.swift; sourceTree = "<group>"; };
		D05CCE3E259B1559005BF42B /* CommonController.swift */ = {isa = PBXFileReference; lastKnownFileType = sourcecode.swift; path = CommonController.swift; sourceTree = "<group>"; };
		D05CCE8B259C559E005BF42B /* JPEG.swift */ = {isa = PBXFileReference; fileEncoding = 4; lastKnownFileType = sourcecode.swift; path = JPEG.swift; sourceTree = "<group>"; };
		D05CCE8E259C55A7005BF42B /* QuickTimeMov.swift */ = {isa = PBXFileReference; fileEncoding = 4; lastKnownFileType = sourcecode.swift; path = QuickTimeMov.swift; sourceTree = "<group>"; };
		D05CCE91259C5634005BF42B /* DTOtherMacro.swift */ = {isa = PBXFileReference; fileEncoding = 4; lastKnownFileType = sourcecode.swift; path = DTOtherMacro.swift; sourceTree = "<group>"; };
		D06859C625A5A17200848477 /* CCTabBar.h */ = {isa = PBXFileReference; fileEncoding = 4; lastKnownFileType = sourcecode.c.h; path = CCTabBar.h; sourceTree = "<group>"; };
		D06859C725A5A17200848477 /* CCTabBar.m */ = {isa = PBXFileReference; fileEncoding = 4; lastKnownFileType = sourcecode.c.objc; path = CCTabBar.m; sourceTree = "<group>"; };
		D06859CA25A5A24B00848477 /* CCTabBarController.h */ = {isa = PBXFileReference; fileEncoding = 4; lastKnownFileType = sourcecode.c.h; path = CCTabBarController.h; sourceTree = "<group>"; };
		D06859CB25A5A24B00848477 /* CCTabBarController.m */ = {isa = PBXFileReference; fileEncoding = 4; lastKnownFileType = sourcecode.c.objc; path = CCTabBarController.m; sourceTree = "<group>"; };
		D069C73A25C8EBBC00819B72 /* TypeController.swift */ = {isa = PBXFileReference; lastKnownFileType = sourcecode.swift; path = TypeController.swift; sourceTree = "<group>"; };
		D08EE2182595C29000F0279D /* Wallpaper.app */ = {isa = PBXFileReference; explicitFileType = wrapper.application; includeInIndex = 0; path = Wallpaper.app; sourceTree = BUILT_PRODUCTS_DIR; };
		D08EE21B2595C29000F0279D /* AppDelegate.swift */ = {isa = PBXFileReference; lastKnownFileType = sourcecode.swift; path = AppDelegate.swift; sourceTree = "<group>"; };
		D08EE21F2595C29000F0279D /* ViewController.swift */ = {isa = PBXFileReference; lastKnownFileType = sourcecode.swift; path = ViewController.swift; sourceTree = "<group>"; };
		D08EE2222595C29000F0279D /* Base */ = {isa = PBXFileReference; lastKnownFileType = file.storyboard; name = Base; path = Base.lproj/Main.storyboard; sourceTree = "<group>"; };
		D08EE2242595C29300F0279D /* Assets.xcassets */ = {isa = PBXFileReference; lastKnownFileType = folder.assetcatalog; path = Assets.xcassets; sourceTree = "<group>"; };
		D08EE2272595C29300F0279D /* Base */ = {isa = PBXFileReference; lastKnownFileType = file.storyboard; name = Base; path = Base.lproj/LaunchScreen.storyboard; sourceTree = "<group>"; };
		D08EE2292595C29300F0279D /* Info.plist */ = {isa = PBXFileReference; lastKnownFileType = text.plist.xml; path = Info.plist; sourceTree = "<group>"; };
		D08EE2432595D39800F0279D /* MyTabBarController.swift */ = {isa = PBXFileReference; lastKnownFileType = sourcecode.swift; path = MyTabBarController.swift; sourceTree = "<group>"; };
		D08EE2462595D4B300F0279D /* MyNavigationController.swift */ = {isa = PBXFileReference; lastKnownFileType = sourcecode.swift; path = MyNavigationController.swift; sourceTree = "<group>"; };
		D08EE2492595D63900F0279D /* HomeController.swift */ = {isa = PBXFileReference; lastKnownFileType = sourcecode.swift; path = HomeController.swift; sourceTree = "<group>"; };
		D08EE24C2595D64800F0279D /* MoreController.swift */ = {isa = PBXFileReference; lastKnownFileType = sourcecode.swift; path = MoreController.swift; sourceTree = "<group>"; };
		D08EE24F2595D65800F0279D /* DIYController.swift */ = {isa = PBXFileReference; lastKnownFileType = sourcecode.swift; path = DIYController.swift; sourceTree = "<group>"; };
		D08EE2522595D66200F0279D /* MyController.swift */ = {isa = PBXFileReference; lastKnownFileType = sourcecode.swift; path = MyController.swift; sourceTree = "<group>"; };
		D08EE27A25970BB400F0279D /* RecommendController.swift */ = {isa = PBXFileReference; lastKnownFileType = sourcecode.swift; path = RecommendController.swift; sourceTree = "<group>"; };
		D08EE27D25970BC200F0279D /* PopularController.swift */ = {isa = PBXFileReference; lastKnownFileType = sourcecode.swift; path = PopularController.swift; sourceTree = "<group>"; };
		D08EE2992597210500F0279D /* CollectionCell.swift */ = {isa = PBXFileReference; lastKnownFileType = sourcecode.swift; path = CollectionCell.swift; sourceTree = "<group>"; };
		D08EE2B72597559100F0279D /* ImgTypes.swift */ = {isa = PBXFileReference; lastKnownFileType = sourcecode.swift; path = ImgTypes.swift; sourceTree = "<group>"; };
		D08EE2C325984F6400F0279D /* Config.swift */ = {isa = PBXFileReference; lastKnownFileType = sourcecode.swift; path = Config.swift; sourceTree = "<group>"; };
		D0B8D93425C7F75000B32726 /* luanch.png */ = {isa = PBXFileReference; lastKnownFileType = image.png; path = luanch.png; sourceTree = "<group>"; };
		D0F2084025BE93820032B17D /* mobileffmpeg.xcframework */ = {isa = PBXFileReference; lastKnownFileType = wrapper.xcframework; name = mobileffmpeg.xcframework; path = "Pods/mobile-ffmpeg-full/mobileffmpeg.xcframework"; sourceTree = "<group>"; };
		D0F2084A25BEA71B0032B17D /* User.swift */ = {isa = PBXFileReference; lastKnownFileType = sourcecode.swift; path = User.swift; sourceTree = "<group>"; };
/* End PBXFileReference section */

/* Begin PBXFrameworksBuildPhase section */
		D08EE2152595C29000F0279D /* Frameworks */ = {
			isa = PBXFrameworksBuildPhase;
			buildActionMask = 2147483647;
			files = (
				0B840F4D26EAEC8E904EF8B3 /* Pods_Wallpaper.framework in Frameworks */,
			);
			runOnlyForDeploymentPostprocessing = 0;
		};
/* End PBXFrameworksBuildPhase section */

/* Begin PBXGroup section */
		139AD757393CDE6E17716447 /* Pods */ = {
			isa = PBXGroup;
			children = (
				4FB3819662D83BC79E334CE5 /* Pods-Wallpaper.debug.xcconfig */,
				7686A3DFD2C018F2B1AE7FD7 /* Pods-Wallpaper.release.xcconfig */,
			);
			path = Pods;
			sourceTree = "<group>";
		};
		6F529542BB6EDCAAF08F487C /* Frameworks */ = {
			isa = PBXGroup;
			children = (
				D0F2084025BE93820032B17D /* mobileffmpeg.xcframework */,
				9B80E388AA1A403C1B758FA5 /* Pods_Wallpaper.framework */,
			);
			name = Frameworks;
			sourceTree = "<group>";
		};
		D01139A0259D753000153731 /* View */ = {
			isa = PBXGroup;
			children = (
				D06859C625A5A17200848477 /* CCTabBar.h */,
				D06859C725A5A17200848477 /* CCTabBar.m */,
				D05CCE35259AFA6E005BF42B /* CollectionHeaderView.swift */,
				D04E9C2225C68394002FBAD3 /* LWGradientButton.swift */,
			);
			path = View;
			sourceTree = "<group>";
		};
		D01139A3259D754400153731 /* Model */ = {
			isa = PBXGroup;
			children = (
				D08EE2B72597559100F0279D /* ImgTypes.swift */,
				D04D484125C004C500C6AFA6 /* HomeModel.swift */,
				D04D485C25C0F0F000C6AFA6 /* CategoryModel.swift */,
			);
			path = Model;
			sourceTree = "<group>";
		};
		D01139A4259D756100153731 /* Config */ = {
			isa = PBXGroup;
			children = (
				D08EE2C325984F6400F0279D /* Config.swift */,
				D04D483E25BFE60700C6AFA6 /* Api.swift */,
			);
			path = Config;
			sourceTree = "<group>";
		};
		D01139A5259D757000153731 /* AV */ = {
			isa = PBXGroup;
			children = (
				D05A837925A4419C0016910D /* CCVideoImageTool.swift */,
				D05CCE8E259C55A7005BF42B /* QuickTimeMov.swift */,
				D05CCE8B259C559E005BF42B /* JPEG.swift */,
			);
			path = AV;
			sourceTree = "<group>";
		};
		D01139A6259D758F00153731 /* Log */ = {
			isa = PBXGroup;
			children = (
				D05CCE91259C5634005BF42B /* DTOtherMacro.swift */,
			);
			path = Log;
			sourceTree = "<group>";
		};
		D01139A7259D75A400153731 /* DataBase */ = {
			isa = PBXGroup;
			children = (
				D04B281C25A2EA55005AC797 /* CacheManager.swift */,
			);
			path = DataBase;
			sourceTree = "<group>";
		};
		D05CCEB7259D744F005BF42B /* Controller */ = {
			isa = PBXGroup;
			children = (
				D08EE2462595D4B300F0279D /* MyNavigationController.swift */,
				D08EE21F2595C29000F0279D /* ViewController.swift */,
				D08EE27A25970BB400F0279D /* RecommendController.swift */,
				D050510C25C929E00075E963 /* MoreRecommengController.swift */,
				D05CCE3E259B1559005BF42B /* CommonController.swift */,
				D08EE27D25970BC200F0279D /* PopularController.swift */,
				D050510F25C92A200075E963 /* MorePopularController.swift */,
				D04D487025C0FFC100C6AFA6 /* CategoryController.swift */,
				D05CCDBA259895EA005BF42B /* BigImageController.swift */,
				D08EE24C2595D64800F0279D /* MoreController.swift */,
				D08EE24F2595D65800F0279D /* DIYController.swift */,
				D05A837C25A448210016910D /* DiscoverController.swift */,
				D05CCDC62598B788005BF42B /* LoginController.swift */,
				D08EE2522595D66200F0279D /* MyController.swift */,
				D05CCDD825997D14005BF42B /* SigninController.swift */,
				D05CCDD425996E1F005BF42B /* RegisterController.swift */,
				D05CCE0A2599E15C005BF42B /* SearchController.swift */,
				D08EE2492595D63900F0279D /* HomeController.swift */,
				D069C73A25C8EBBC00819B72 /* TypeController.swift */,
				D050511225C92ABB0075E963 /* MoreTypeController.swift */,
				D050510325C90B530075E963 /* LocalController.swift */,
				D050510625C90C7C0075E963 /* MyDownloadController.swift */,
				D04F9B0C25C94235000F630B /* ProtocolController.swift */,
				D04F9B0F25C94332000F630B /* PolicyController.swift */,
				D050510925C90CA30075E963 /* LocalPaperController.swift */,
				D04F9B1625C94C5D000F630B /* CollectListController.swift */,
				D06859CA25A5A24B00848477 /* CCTabBarController.h */,
				D06859CB25A5A24B00848477 /* CCTabBarController.m */,
				D08EE2432595D39800F0279D /* MyTabBarController.swift */,
			);
			path = Controller;
			sourceTree = "<group>";
		};
		D05CCEBC259D749A005BF42B /* Cell */ = {
			isa = PBXGroup;
			children = (
				D05CCE3B259AFFEC005BF42B /* SearchCell.swift */,
				D05CCDB725988E8D005BF42B /* MyCell.swift */,
				D05CCE38259AFF7B005BF42B /* RecommendCell.swift */,
				D05CCE0D2599E9E6005BF42B /* MoreCollectionCell.swift */,
				D08EE2992597210500F0279D /* CollectionCell.swift */,
				D05A838025A44AF40016910D /* DiscoverCell.swift */,
			);
			path = Cell;
			sourceTree = "<group>";
		};
		D08EE20F2595C29000F0279D = {
			isa = PBXGroup;
			children = (
				D04F9B0625C9400A000F630B /* policy.html */,
				D04F9B1325C94961000F630B /* protocol.html */,
				D08EE21A2595C29000F0279D /* Wallpaper */,
				D08EE2192595C29000F0279D /* Products */,
				139AD757393CDE6E17716447 /* Pods */,
				6F529542BB6EDCAAF08F487C /* Frameworks */,
			);
			sourceTree = "<group>";
		};
		D08EE2192595C29000F0279D /* Products */ = {
			isa = PBXGroup;
			children = (
				D08EE2182595C29000F0279D /* Wallpaper.app */,
			);
			name = Products;
			sourceTree = "<group>";
		};
		D08EE21A2595C29000F0279D /* Wallpaper */ = {
			isa = PBXGroup;
			children = (
				D0F2084425BE9F060032B17D /* UserManager */,
				D01139A7259D75A400153731 /* DataBase */,
				D01139A6259D758F00153731 /* Log */,
				D01139A5259D757000153731 /* AV */,
				D01139A4259D756100153731 /* Config */,
				D01139A3259D754400153731 /* Model */,
				D01139A0259D753000153731 /* View */,
				D05CCEBC259D749A005BF42B /* Cell */,
				D05CCEB7259D744F005BF42B /* Controller */,
				D08EE21B2595C29000F0279D /* AppDelegate.swift */,
				D05A83B525A473D60016910D /* NSBundle+changeBundleId.h */,
				D05A83B625A473D60016910D /* NSBundle+changeBundleId.m */,
				D08EE2212595C29000F0279D /* Main.storyboard */,
				D08EE2242595C29300F0279D /* Assets.xcassets */,
				D08EE2262595C29300F0279D /* LaunchScreen.storyboard */,
				D08EE2292595C29300F0279D /* Info.plist */,
				D0B8D93425C7F75000B32726 /* luanch.png */,
				D05A83B425A473D50016910D /* Wallpaper-Bridging-Header.h */,
			);
			path = Wallpaper;
			sourceTree = "<group>";
		};
		D0F2084425BE9F060032B17D /* UserManager */ = {
			isa = PBXGroup;
			children = (
				D0F2084A25BEA71B0032B17D /* User.swift */,
			);
			path = UserManager;
			sourceTree = "<group>";
		};
/* End PBXGroup section */

/* Begin PBXNativeTarget section */
		D08EE2172595C29000F0279D /* Wallpaper */ = {
			isa = PBXNativeTarget;
			buildConfigurationList = D08EE22C2595C29300F0279D /* Build configuration list for PBXNativeTarget "Wallpaper" */;
			buildPhases = (
				75FB5538E0D31DBCB652D1EE /* [CP] Check Pods Manifest.lock */,
				D08EE2142595C29000F0279D /* Sources */,
				D08EE2152595C29000F0279D /* Frameworks */,
				D08EE2162595C29000F0279D /* Resources */,
				88523CD4B7AF06E6365AD910 /* [CP] Embed Pods Frameworks */,
				CDA692FBE396573DD1D231DB /* [CP] Copy Pods Resources */,
			);
			buildRules = (
			);
			dependencies = (
			);
			name = Wallpaper;
			packageProductDependencies = (
			);
			productName = Wallpaper;
			productReference = D08EE2182595C29000F0279D /* Wallpaper.app */;
			productType = "com.apple.product-type.application";
		};
/* End PBXNativeTarget section */

/* Begin PBXProject section */
		D08EE2102595C29000F0279D /* Project object */ = {
			isa = PBXProject;
			attributes = {
				LastSwiftUpdateCheck = 1230;
				LastUpgradeCheck = 1230;
				TargetAttributes = {
					D08EE2172595C29000F0279D = {
						CreatedOnToolsVersion = 12.3;
						LastSwiftMigration = 1230;
					};
				};
			};
			buildConfigurationList = D08EE2132595C29000F0279D /* Build configuration list for PBXProject "Wallpaper" */;
			compatibilityVersion = "Xcode 9.3";
			developmentRegion = en;
			hasScannedForEncodings = 0;
			knownRegions = (
				en,
				Base,
			);
			mainGroup = D08EE20F2595C29000F0279D;
			packageReferences = (
			);
			productRefGroup = D08EE2192595C29000F0279D /* Products */;
			projectDirPath = "";
			projectRoot = "";
			targets = (
				D08EE2172595C29000F0279D /* Wallpaper */,
			);
		};
/* End PBXProject section */

/* Begin PBXResourcesBuildPhase section */
		D08EE2162595C29000F0279D /* Resources */ = {
			isa = PBXResourcesBuildPhase;
			buildActionMask = 2147483647;
			files = (
				D04F9B0725C9400A000F630B /* policy.html in Resources */,
				D0B8D93525C7F75000B32726 /* luanch.png in Resources */,
				D04F9B1425C94961000F630B /* protocol.html in Resources */,
				D08EE2282595C29300F0279D /* LaunchScreen.storyboard in Resources */,
				D08EE2252595C29300F0279D /* Assets.xcassets in Resources */,
				D08EE2232595C29000F0279D /* Main.storyboard in Resources */,
			);
			runOnlyForDeploymentPostprocessing = 0;
		};
/* End PBXResourcesBuildPhase section */

/* Begin PBXShellScriptBuildPhase section */
		75FB5538E0D31DBCB652D1EE /* [CP] Check Pods Manifest.lock */ = {
			isa = PBXShellScriptBuildPhase;
			buildActionMask = 2147483647;
			files = (
			);
			inputFileListPaths = (
			);
			inputPaths = (
				"${PODS_PODFILE_DIR_PATH}/Podfile.lock",
				"${PODS_ROOT}/Manifest.lock",
			);
			name = "[CP] Check Pods Manifest.lock";
			outputFileListPaths = (
			);
			outputPaths = (
				"$(DERIVED_FILE_DIR)/Pods-Wallpaper-checkManifestLockResult.txt",
			);
			runOnlyForDeploymentPostprocessing = 0;
			shellPath = /bin/sh;
			shellScript = "diff \"${PODS_PODFILE_DIR_PATH}/Podfile.lock\" \"${PODS_ROOT}/Manifest.lock\" > /dev/null\nif [ $? != 0 ] ; then\n    # print error to STDERR\n    echo \"error: The sandbox is not in sync with the Podfile.lock. Run 'pod install' or update your CocoaPods installation.\" >&2\n    exit 1\nfi\n# This output is used by Xcode 'outputs' to avoid re-running this script phase.\necho \"SUCCESS\" > \"${SCRIPT_OUTPUT_FILE_0}\"\n";
			showEnvVarsInLog = 0;
		};
		88523CD4B7AF06E6365AD910 /* [CP] Embed Pods Frameworks */ = {
			isa = PBXShellScriptBuildPhase;
			buildActionMask = 2147483647;
			files = (
			);
			inputFileListPaths = (
				"${PODS_ROOT}/Target Support Files/Pods-Wallpaper/Pods-Wallpaper-frameworks-${CONFIGURATION}-input-files.xcfilelist",
			);
			name = "[CP] Embed Pods Frameworks";
			outputFileListPaths = (
				"${PODS_ROOT}/Target Support Files/Pods-Wallpaper/Pods-Wallpaper-frameworks-${CONFIGURATION}-output-files.xcfilelist",
			);
			runOnlyForDeploymentPostprocessing = 0;
			shellPath = /bin/sh;
			shellScript = "\"${PODS_ROOT}/Target Support Files/Pods-Wallpaper/Pods-Wallpaper-frameworks.sh\"\n";
			showEnvVarsInLog = 0;
		};
		CDA692FBE396573DD1D231DB /* [CP] Copy Pods Resources */ = {
			isa = PBXShellScriptBuildPhase;
			buildActionMask = 2147483647;
			files = (
			);
			inputFileListPaths = (
				"${PODS_ROOT}/Target Support Files/Pods-Wallpaper/Pods-Wallpaper-resources-${CONFIGURATION}-input-files.xcfilelist",
			);
			name = "[CP] Copy Pods Resources";
			outputFileListPaths = (
				"${PODS_ROOT}/Target Support Files/Pods-Wallpaper/Pods-Wallpaper-resources-${CONFIGURATION}-output-files.xcfilelist",
			);
			runOnlyForDeploymentPostprocessing = 0;
			shellPath = /bin/sh;
			shellScript = "\"${PODS_ROOT}/Target Support Files/Pods-Wallpaper/Pods-Wallpaper-resources.sh\"\n";
			showEnvVarsInLog = 0;
		};
/* End PBXShellScriptBuildPhase section */

/* Begin PBXSourcesBuildPhase section */
		D08EE2142595C29000F0279D /* Sources */ = {
			isa = PBXSourcesBuildPhase;
			buildActionMask = 2147483647;
			files = (
				D08EE2B82597559100F0279D /* ImgTypes.swift in Sources */,
				D08EE2202595C29000F0279D /* ViewController.swift in Sources */,
				D05CCE0B2599E15C005BF42B /* SearchController.swift in Sources */,
				D08EE2502595D65800F0279D /* DIYController.swift in Sources */,
				D050510A25C90CA30075E963 /* LocalPaperController.swift in Sources */,
				D04D484225C004C500C6AFA6 /* HomeModel.swift in Sources */,
				D050511025C92A200075E963 /* MorePopularController.swift in Sources */,
				D05CCE39259AFF7B005BF42B /* RecommendCell.swift in Sources */,
				D06859C825A5A17200848477 /* CCTabBar.m in Sources */,
				D08EE2472595D4B300F0279D /* MyNavigationController.swift in Sources */,
				D05CCE8C259C559E005BF42B /* JPEG.swift in Sources */,
				D05A83B725A473D60016910D /* NSBundle+changeBundleId.m in Sources */,
				D08EE27B25970BB400F0279D /* RecommendController.swift in Sources */,
				D08EE21C2595C29000F0279D /* AppDelegate.swift in Sources */,
				D08EE2C425984F6400F0279D /* Config.swift in Sources */,
				D04D485D25C0F0F000C6AFA6 /* CategoryModel.swift in Sources */,
				D050511325C92ABB0075E963 /* MoreTypeController.swift in Sources */,
				D05CCDD925997D14005BF42B /* SigninController.swift in Sources */,
				D05CCDBB259895EA005BF42B /* BigImageController.swift in Sources */,
				D05CCE0E2599E9E6005BF42B /* MoreCollectionCell.swift in Sources */,
				D050510725C90C7C0075E963 /* MyDownloadController.swift in Sources */,
				D050510425C90B530075E963 /* LocalController.swift in Sources */,
				D08EE2442595D39800F0279D /* MyTabBarController.swift in Sources */,
				D08EE24D2595D64800F0279D /* MoreController.swift in Sources */,
				D05CCE8F259C55A8005BF42B /* QuickTimeMov.swift in Sources */,
				D04F9B0D25C94235000F630B /* ProtocolController.swift in Sources */,
				D08EE27E25970BC200F0279D /* PopularController.swift in Sources */,
				D04D487125C0FFC100C6AFA6 /* CategoryController.swift in Sources */,
				D08EE24A2595D63900F0279D /* HomeController.swift in Sources */,
				D05CCDB825988E8D005BF42B /* MyCell.swift in Sources */,
				D04D483F25BFE60700C6AFA6 /* Api.swift in Sources */,
				D050510D25C929E00075E963 /* MoreRecommengController.swift in Sources */,
				D05CCDD525996E1F005BF42B /* RegisterController.swift in Sources */,
				D05A837A25A4419C0016910D /* CCVideoImageTool.swift in Sources */,
				D04B281D25A2EA55005AC797 /* CacheManager.swift in Sources */,
				D05A838125A44AF40016910D /* DiscoverCell.swift in Sources */,
				D04F9B1725C94C5D000F630B /* CollectListController.swift in Sources */,
				D06859CC25A5A24B00848477 /* CCTabBarController.m in Sources */,
				D069C73B25C8EBBC00819B72 /* TypeController.swift in Sources */,
				D05CCDC72598B788005BF42B /* LoginController.swift in Sources */,
				D05CCE36259AFA6E005BF42B /* CollectionHeaderView.swift in Sources */,
				D08EE29A2597210500F0279D /* CollectionCell.swift in Sources */,
				D08EE2532595D66200F0279D /* MyController.swift in Sources */,
				D05A837D25A448210016910D /* DiscoverController.swift in Sources */,
				D0F2084B25BEA71B0032B17D /* User.swift in Sources */,
				D04E9C2325C68394002FBAD3 /* LWGradientButton.swift in Sources */,
				D05CCE3F259B1559005BF42B /* CommonController.swift in Sources */,
				D05CCE92259C5634005BF42B /* DTOtherMacro.swift in Sources */,
				D05CCE3C259AFFEC005BF42B /* SearchCell.swift in Sources */,
				D04F9B1025C94332000F630B /* PolicyController.swift in Sources */,
			);
			runOnlyForDeploymentPostprocessing = 0;
		};
/* End PBXSourcesBuildPhase section */

/* Begin PBXVariantGroup section */
		D08EE2212595C29000F0279D /* Main.storyboard */ = {
			isa = PBXVariantGroup;
			children = (
				D08EE2222595C29000F0279D /* Base */,
			);
			name = Main.storyboard;
			sourceTree = "<group>";
		};
		D08EE2262595C29300F0279D /* LaunchScreen.storyboard */ = {
			isa = PBXVariantGroup;
			children = (
				D08EE2272595C29300F0279D /* Base */,
			);
			name = LaunchScreen.storyboard;
			sourceTree = "<group>";
		};
/* End PBXVariantGroup section */

/* Begin XCBuildConfiguration section */
		D08EE22A2595C29300F0279D /* Debug */ = {
			isa = XCBuildConfiguration;
			buildSettings = {
				ALWAYS_SEARCH_USER_PATHS = NO;
				CLANG_ANALYZER_NONNULL = YES;
				CLANG_ANALYZER_NUMBER_OBJECT_CONVERSION = YES_AGGRESSIVE;
				CLANG_CXX_LANGUAGE_STANDARD = "gnu++14";
				CLANG_CXX_LIBRARY = "libc++";
				CLANG_ENABLE_MODULES = YES;
				CLANG_ENABLE_OBJC_ARC = YES;
				CLANG_ENABLE_OBJC_WEAK = YES;
				CLANG_WARN_BLOCK_CAPTURE_AUTORELEASING = YES;
				CLANG_WARN_BOOL_CONVERSION = YES;
				CLANG_WARN_COMMA = YES;
				CLANG_WARN_CONSTANT_CONVERSION = YES;
				CLANG_WARN_DEPRECATED_OBJC_IMPLEMENTATIONS = YES;
				CLANG_WARN_DIRECT_OBJC_ISA_USAGE = YES_ERROR;
				CLANG_WARN_DOCUMENTATION_COMMENTS = YES;
				CLANG_WARN_EMPTY_BODY = YES;
				CLANG_WARN_ENUM_CONVERSION = YES;
				CLANG_WARN_INFINITE_RECURSION = YES;
				CLANG_WARN_INT_CONVERSION = YES;
				CLANG_WARN_NON_LITERAL_NULL_CONVERSION = YES;
				CLANG_WARN_OBJC_IMPLICIT_RETAIN_SELF = YES;
				CLANG_WARN_OBJC_LITERAL_CONVERSION = YES;
				CLANG_WARN_OBJC_ROOT_CLASS = YES_ERROR;
				CLANG_WARN_QUOTED_INCLUDE_IN_FRAMEWORK_HEADER = YES;
				CLANG_WARN_RANGE_LOOP_ANALYSIS = YES;
				CLANG_WARN_STRICT_PROTOTYPES = YES;
				CLANG_WARN_SUSPICIOUS_MOVE = YES;
				CLANG_WARN_UNGUARDED_AVAILABILITY = YES_AGGRESSIVE;
				CLANG_WARN_UNREACHABLE_CODE = YES;
				CLANG_WARN__DUPLICATE_METHOD_MATCH = YES;
				COPY_PHASE_STRIP = NO;
				DEBUG_INFORMATION_FORMAT = dwarf;
				ENABLE_STRICT_OBJC_MSGSEND = YES;
				ENABLE_TESTABILITY = YES;
				GCC_C_LANGUAGE_STANDARD = gnu11;
				GCC_DYNAMIC_NO_PIC = NO;
				GCC_NO_COMMON_BLOCKS = YES;
				GCC_OPTIMIZATION_LEVEL = 0;
				GCC_PREPROCESSOR_DEFINITIONS = (
					"DEBUG=1",
					"$(inherited)",
				);
				GCC_WARN_64_TO_32_BIT_CONVERSION = YES;
				GCC_WARN_ABOUT_RETURN_TYPE = YES_ERROR;
				GCC_WARN_UNDECLARED_SELECTOR = YES;
				GCC_WARN_UNINITIALIZED_AUTOS = YES_AGGRESSIVE;
				GCC_WARN_UNUSED_FUNCTION = YES;
				GCC_WARN_UNUSED_VARIABLE = YES;
				IPHONEOS_DEPLOYMENT_TARGET = 14.0;
				MTL_ENABLE_DEBUG_INFO = INCLUDE_SOURCE;
				MTL_FAST_MATH = YES;
				ONLY_ACTIVE_ARCH = YES;
				SDKROOT = iphoneos;
				SWIFT_ACTIVE_COMPILATION_CONDITIONS = DEBUG;
				SWIFT_OPTIMIZATION_LEVEL = "-Onone";
			};
			name = Debug;
		};
		D08EE22B2595C29300F0279D /* Release */ = {
			isa = XCBuildConfiguration;
			buildSettings = {
				ALWAYS_SEARCH_USER_PATHS = NO;
				CLANG_ANALYZER_NONNULL = YES;
				CLANG_ANALYZER_NUMBER_OBJECT_CONVERSION = YES_AGGRESSIVE;
				CLANG_CXX_LANGUAGE_STANDARD = "gnu++14";
				CLANG_CXX_LIBRARY = "libc++";
				CLANG_ENABLE_MODULES = YES;
				CLANG_ENABLE_OBJC_ARC = YES;
				CLANG_ENABLE_OBJC_WEAK = YES;
				CLANG_WARN_BLOCK_CAPTURE_AUTORELEASING = YES;
				CLANG_WARN_BOOL_CONVERSION = YES;
				CLANG_WARN_COMMA = YES;
				CLANG_WARN_CONSTANT_CONVERSION = YES;
				CLANG_WARN_DEPRECATED_OBJC_IMPLEMENTATIONS = YES;
				CLANG_WARN_DIRECT_OBJC_ISA_USAGE = YES_ERROR;
				CLANG_WARN_DOCUMENTATION_COMMENTS = YES;
				CLANG_WARN_EMPTY_BODY = YES;
				CLANG_WARN_ENUM_CONVERSION = YES;
				CLANG_WARN_INFINITE_RECURSION = YES;
				CLANG_WARN_INT_CONVERSION = YES;
				CLANG_WARN_NON_LITERAL_NULL_CONVERSION = YES;
				CLANG_WARN_OBJC_IMPLICIT_RETAIN_SELF = YES;
				CLANG_WARN_OBJC_LITERAL_CONVERSION = YES;
				CLANG_WARN_OBJC_ROOT_CLASS = YES_ERROR;
				CLANG_WARN_QUOTED_INCLUDE_IN_FRAMEWORK_HEADER = YES;
				CLANG_WARN_RANGE_LOOP_ANALYSIS = YES;
				CLANG_WARN_STRICT_PROTOTYPES = YES;
				CLANG_WARN_SUSPICIOUS_MOVE = YES;
				CLANG_WARN_UNGUARDED_AVAILABILITY = YES_AGGRESSIVE;
				CLANG_WARN_UNREACHABLE_CODE = YES;
				CLANG_WARN__DUPLICATE_METHOD_MATCH = YES;
				COPY_PHASE_STRIP = NO;
				DEBUG_INFORMATION_FORMAT = "dwarf-with-dsym";
				ENABLE_NS_ASSERTIONS = NO;
				ENABLE_STRICT_OBJC_MSGSEND = YES;
				GCC_C_LANGUAGE_STANDARD = gnu11;
				GCC_NO_COMMON_BLOCKS = YES;
				GCC_WARN_64_TO_32_BIT_CONVERSION = YES;
				GCC_WARN_ABOUT_RETURN_TYPE = YES_ERROR;
				GCC_WARN_UNDECLARED_SELECTOR = YES;
				GCC_WARN_UNINITIALIZED_AUTOS = YES_AGGRESSIVE;
				GCC_WARN_UNUSED_FUNCTION = YES;
				GCC_WARN_UNUSED_VARIABLE = YES;
				IPHONEOS_DEPLOYMENT_TARGET = 14.0;
				MTL_ENABLE_DEBUG_INFO = NO;
				MTL_FAST_MATH = YES;
				SDKROOT = iphoneos;
				SWIFT_COMPILATION_MODE = wholemodule;
				SWIFT_OPTIMIZATION_LEVEL = "-O";
				VALIDATE_PRODUCT = YES;
			};
			name = Release;
		};
		D08EE22D2595C29300F0279D /* Debug */ = {
			isa = XCBuildConfiguration;
			baseConfigurationReference = 4FB3819662D83BC79E334CE5 /* Pods-Wallpaper.debug.xcconfig */;
			buildSettings = {
				ASSETCATALOG_COMPILER_APPICON_NAME = AppIcon;
				ASSETCATALOG_COMPILER_GLOBAL_ACCENT_COLOR_NAME = AccentColor;
				CLANG_ENABLE_MODULES = YES;
				CODE_SIGN_STYLE = Automatic;
				DEFINES_MODULE = YES;
				DEVELOPMENT_TEAM = R6LCY2C3NY;
				INFOPLIST_FILE = Wallpaper/Info.plist;
				LD_RUNPATH_SEARCH_PATHS = (
					"$(inherited)",
					"@executable_path/Frameworks",
				);
				PRODUCT_BUNDLE_IDENTIFIER = com.picture.fourkxxx;
				PRODUCT_NAME = "$(TARGET_NAME)";
				SWIFT_OBJC_BRIDGING_HEADER = "Wallpaper/Wallpaper-Bridging-Header.h";
				SWIFT_OPTIMIZATION_LEVEL = "-Onone";
				SWIFT_VERSION = 5.0;
				TARGETED_DEVICE_FAMILY = "1,2";
			};
			name = Debug;
		};
		D08EE22E2595C29300F0279D /* Release */ = {
			isa = XCBuildConfiguration;
			baseConfigurationReference = 7686A3DFD2C018F2B1AE7FD7 /* Pods-Wallpaper.release.xcconfig */;
			buildSettings = {
				ASSETCATALOG_COMPILER_APPICON_NAME = AppIcon;
				ASSETCATALOG_COMPILER_GLOBAL_ACCENT_COLOR_NAME = AccentColor;
				CLANG_ENABLE_MODULES = YES;
				CODE_SIGN_STYLE = Automatic;
				DEFINES_MODULE = YES;
				DEVELOPMENT_TEAM = R6LCY2C3NY;
				INFOPLIST_FILE = Wallpaper/Info.plist;
				LD_RUNPATH_SEARCH_PATHS = (
					"$(inherited)",
					"@executable_path/Frameworks",
				);
				PRODUCT_BUNDLE_IDENTIFIER = com.picture.fourkxxx;
				PRODUCT_NAME = "$(TARGET_NAME)";
				SWIFT_OBJC_BRIDGING_HEADER = "Wallpaper/Wallpaper-Bridging-Header.h";
				SWIFT_VERSION = 5.0;
				TARGETED_DEVICE_FAMILY = "1,2";
			};
			name = Release;
		};
/* End XCBuildConfiguration section */

/* Begin XCConfigurationList section */
		D08EE2132595C29000F0279D /* Build configuration list for PBXProject "Wallpaper" */ = {
			isa = XCConfigurationList;
			buildConfigurations = (
				D08EE22A2595C29300F0279D /* Debug */,
				D08EE22B2595C29300F0279D /* Release */,
			);
			defaultConfigurationIsVisible = 0;
			defaultConfigurationName = Release;
		};
		D08EE22C2595C29300F0279D /* Build configuration list for PBXNativeTarget "Wallpaper" */ = {
			isa = XCConfigurationList;
			buildConfigurations = (
				D08EE22D2595C29300F0279D /* Debug */,
				D08EE22E2595C29300F0279D /* Release */,
			);
			defaultConfigurationIsVisible = 0;
			defaultConfigurationName = Release;
		};
/* End XCConfigurationList section */
	};
	rootObject = D08EE2102595C29000F0279D /* Project object */;
}
